
Microsoft Visual Studio Solution File, Format Version 12.00
# Visual Studio Version 16
VisualStudioVersion = 16.0.30104.148
MinimumVisualStudioVersion = 10.0.40219.1
Project("{9A19103F-16F7-4668-BE54-9A1E7A4F7556}") = "mktSystem", "web\mktSystem.csproj", "{B43D055B-D401-499B-8BF6-294680FDF9CE}"
EndProject
Global
	GlobalSection(SolutionConfigurationPlatforms) = preSolution
		Debug|Any CPU = Debug|Any CPU
		Release|Any CPU = Release|Any CPU
	EndGlobalSection
	GlobalSection(ProjectConfigurationPlatforms) = postSolution
		{B43D055B-D401-499B-8BF6-294680FDF9CE}.Debug|Any CPU.ActiveCfg = Debug|Any CPU
		{B43D055B-D401-499B-8BF6-294680FDF9CE}.Debug|Any CPU.Build.0 = Debug|Any CPU
		{B43D055B-D401-499B-8BF6-294680FDF9CE}.Release|Any CPU.ActiveCfg = Release|Any CPU
		{B43D055B-D401-499B-8BF6-294680FDF9CE}.Release|Any CPU.Build.0 = Release|Any CPU
	EndGlobalSection
	GlobalSection(SolutionProperties) = preSolution
		HideSolutionNode = FALSE
	EndGlobalSection
	GlobalSection(ExtensibilityGlobals) = postSolution
		SolutionGuid = {39B551D8-C964-480C-AE82-B6122F7C5629}
	EndGlobalSection
EndGlobal
